
Microsoft Visual Studio Solution File, Format Version 12.00
# Visual Studio Version 16
VisualStudioVersion = 16.0.31112.23
MinimumVisualStudioVersion = 10.0.40219.1
Project("{FAE04EC0-301F-11D3-BF4B-00C04F79EFBC}") = "String Builder", "String Builder\String Builder.csproj", "{43334996-C121-4A52-9393-CA63D422DBC6}"
EndProject
Global
	GlobalSection(SolutionConfigurationPlatforms) = preSolution
		Debug|Any CPU = Debug|Any CPU
		Release|Any CPU = Release|Any CPU
	EndGlobalSection
	GlobalSection(ProjectConfigurationPlatforms) = postSolution
		{43334996-C121-4A52-9393-CA63D422DBC6}.Debug|Any CPU.ActiveCfg = Debug|Any CPU
		{43334996-C121-4A52-9393-CA63D422DBC6}.Debug|Any CPU.Build.0 = Debug|Any CPU
		{43334996-C121-4A52-9393-CA63D422DBC6}.Release|Any CPU.ActiveCfg = Release|Any CPU
		{43334996-C121-4A52-9393-CA63D422DBC6}.Release|Any CPU.Build.0 = Release|Any CPU
	EndGlobalSection
	GlobalSection(SolutionProperties) = preSolution
		HideSolutionNode = FALSE
	EndGlobalSection
	GlobalSection(ExtensibilityGlobals) = postSolution
		SolutionGuid = {0111C81D-F481-4007-AB10-85C196429DFC}
	EndGlobalSection
EndGlobal
