
Microsoft Visual Studio Solution File, Format Version 12.00
# Visual Studio Version 16
VisualStudioVersion = 16.0.31112.23
MinimumVisualStudioVersion = 10.0.40219.1
Project("{FAE04EC0-301F-11D3-BF4B-00C04F79EFBC}") = "Starter", "Starter\Starter.csproj", "{9887A268-EBF1-4CAF-A952-407600C6E3DC}"
EndProject
Global
	GlobalSection(SolutionConfigurationPlatforms) = preSolution
		Debug|Any CPU = Debug|Any CPU
		Release|Any CPU = Release|Any CPU
	EndGlobalSection
	GlobalSection(ProjectConfigurationPlatforms) = postSolution
		{9887A268-EBF1-4CAF-A952-407600C6E3DC}.Debug|Any CPU.ActiveCfg = Debug|Any CPU
		{9887A268-EBF1-4CAF-A952-407600C6E3DC}.Debug|Any CPU.Build.0 = Debug|Any CPU
		{9887A268-EBF1-4CAF-A952-407600C6E3DC}.Release|Any CPU.ActiveCfg = Release|Any CPU
		{9887A268-EBF1-4CAF-A952-407600C6E3DC}.Release|Any CPU.Build.0 = Release|Any CPU
	EndGlobalSection
	GlobalSection(SolutionProperties) = preSolution
		HideSolutionNode = FALSE
	EndGlobalSection
	GlobalSection(ExtensibilityGlobals) = postSolution
		SolutionGuid = {C48E7EEB-A194-468C-95D8-89834765F3F4}
	EndGlobalSection
EndGlobal
