
Microsoft Visual Studio Solution File, Format Version 12.00
# Visual Studio Version 16
VisualStudioVersion = 16.0.31112.23
MinimumVisualStudioVersion = 10.0.40219.1
Project("{FAE04EC0-301F-11D3-BF4B-00C04F79EFBC}") = "CarsStore", "CarsStore\CarsStore.csproj", "{1502666E-D801-4068-85E7-67C553191023}"
EndProject
Global
	GlobalSection(SolutionConfigurationPlatforms) = preSolution
		Debug|Any CPU = Debug|Any CPU
		Release|Any CPU = Release|Any CPU
	EndGlobalSection
	GlobalSection(ProjectConfigurationPlatforms) = postSolution
		{1502666E-D801-4068-85E7-67C553191023}.Debug|Any CPU.ActiveCfg = Debug|Any CPU
		{1502666E-D801-4068-85E7-67C553191023}.Debug|Any CPU.Build.0 = Debug|Any CPU
		{1502666E-D801-4068-85E7-67C553191023}.Release|Any CPU.ActiveCfg = Release|Any CPU
		{1502666E-D801-4068-85E7-67C553191023}.Release|Any CPU.Build.0 = Release|Any CPU
	EndGlobalSection
	GlobalSection(SolutionProperties) = preSolution
		HideSolutionNode = FALSE
	EndGlobalSection
	GlobalSection(ExtensibilityGlobals) = postSolution
		SolutionGuid = {A3B89E38-B549-4341-894E-F7C28561DA0E}
	EndGlobalSection
EndGlobal
