
Microsoft Visual Studio Solution File, Format Version 12.00
# Visual Studio Version 16
VisualStudioVersion = 16.0.31112.23
MinimumVisualStudioVersion = 10.0.40219.1
Project("{FAE04EC0-301F-11D3-BF4B-00C04F79EFBC}") = "HelperClass", "HelperClass\HelperClass.csproj", "{36B05D63-16D6-445D-AD87-AD6BA6A1A122}"
EndProject
Global
	GlobalSection(SolutionConfigurationPlatforms) = preSolution
		Debug|Any CPU = Debug|Any CPU
		Release|Any CPU = Release|Any CPU
	EndGlobalSection
	GlobalSection(ProjectConfigurationPlatforms) = postSolution
		{36B05D63-16D6-445D-AD87-AD6BA6A1A122}.Debug|Any CPU.ActiveCfg = Debug|Any CPU
		{36B05D63-16D6-445D-AD87-AD6BA6A1A122}.Debug|Any CPU.Build.0 = Debug|Any CPU
		{36B05D63-16D6-445D-AD87-AD6BA6A1A122}.Release|Any CPU.ActiveCfg = Release|Any CPU
		{36B05D63-16D6-445D-AD87-AD6BA6A1A122}.Release|Any CPU.Build.0 = Release|Any CPU
	EndGlobalSection
	GlobalSection(SolutionProperties) = preSolution
		HideSolutionNode = FALSE
	EndGlobalSection
	GlobalSection(ExtensibilityGlobals) = postSolution
		SolutionGuid = {B5D0DCB1-DB12-47D5-917F-41EA47526137}
	EndGlobalSection
EndGlobal
