
Microsoft Visual Studio Solution File, Format Version 12.00
# Visual Studio Version 16
VisualStudioVersion = 16.0.31112.23
MinimumVisualStudioVersion = 10.0.40219.1
Project("{FAE04EC0-301F-11D3-BF4B-00C04F79EFBC}") = "Tokenizer2", "Tokenizer2\Tokenizer2.csproj", "{7971748A-9D93-4CE9-B988-88D00869ACA4}"
EndProject
Global
	GlobalSection(SolutionConfigurationPlatforms) = preSolution
		Debug|Any CPU = Debug|Any CPU
		Release|Any CPU = Release|Any CPU
	EndGlobalSection
	GlobalSection(ProjectConfigurationPlatforms) = postSolution
		{7971748A-9D93-4CE9-B988-88D00869ACA4}.Debug|Any CPU.ActiveCfg = Debug|Any CPU
		{7971748A-9D93-4CE9-B988-88D00869ACA4}.Debug|Any CPU.Build.0 = Debug|Any CPU
		{7971748A-9D93-4CE9-B988-88D00869ACA4}.Release|Any CPU.ActiveCfg = Release|Any CPU
		{7971748A-9D93-4CE9-B988-88D00869ACA4}.Release|Any CPU.Build.0 = Release|Any CPU
	EndGlobalSection
	GlobalSection(SolutionProperties) = preSolution
		HideSolutionNode = FALSE
	EndGlobalSection
	GlobalSection(ExtensibilityGlobals) = postSolution
		SolutionGuid = {08DA9933-7C25-4CE7-9ED5-DFF8603D14A0}
	EndGlobalSection
EndGlobal
