
Microsoft Visual Studio Solution File, Format Version 12.00
# Visual Studio Version 16
VisualStudioVersion = 16.0.31112.23
MinimumVisualStudioVersion = 10.0.40219.1
Project("{FAE04EC0-301F-11D3-BF4B-00C04F79EFBC}") = "Math", "Math\Math.csproj", "{71910672-B8BE-4508-88BE-D4F6787017E1}"
EndProject
Global
	GlobalSection(SolutionConfigurationPlatforms) = preSolution
		Debug|Any CPU = Debug|Any CPU
		Release|Any CPU = Release|Any CPU
	EndGlobalSection
	GlobalSection(ProjectConfigurationPlatforms) = postSolution
		{71910672-B8BE-4508-88BE-D4F6787017E1}.Debug|Any CPU.ActiveCfg = Debug|Any CPU
		{71910672-B8BE-4508-88BE-D4F6787017E1}.Debug|Any CPU.Build.0 = Debug|Any CPU
		{71910672-B8BE-4508-88BE-D4F6787017E1}.Release|Any CPU.ActiveCfg = Release|Any CPU
		{71910672-B8BE-4508-88BE-D4F6787017E1}.Release|Any CPU.Build.0 = Release|Any CPU
	EndGlobalSection
	GlobalSection(SolutionProperties) = preSolution
		HideSolutionNode = FALSE
	EndGlobalSection
	GlobalSection(ExtensibilityGlobals) = postSolution
		SolutionGuid = {CE707183-5E5A-41B4-965F-C7AA75F86034}
	EndGlobalSection
EndGlobal
