
Microsoft Visual Studio Solution File, Format Version 12.00
# Visual Studio Version 16
VisualStudioVersion = 16.0.31112.23
MinimumVisualStudioVersion = 10.0.40219.1
Project("{FAE04EC0-301F-11D3-BF4B-00C04F79EFBC}") = "AddNumbers", "AddNumbers\AddNumbers.csproj", "{207E84F5-3510-43ED-B907-CC0278A52DDE}"
EndProject
Global
	GlobalSection(SolutionConfigurationPlatforms) = preSolution
		Debug|Any CPU = Debug|Any CPU
		Release|Any CPU = Release|Any CPU
	EndGlobalSection
	GlobalSection(ProjectConfigurationPlatforms) = postSolution
		{207E84F5-3510-43ED-B907-CC0278A52DDE}.Debug|Any CPU.ActiveCfg = Debug|Any CPU
		{207E84F5-3510-43ED-B907-CC0278A52DDE}.Debug|Any CPU.Build.0 = Debug|Any CPU
		{207E84F5-3510-43ED-B907-CC0278A52DDE}.Release|Any CPU.ActiveCfg = Release|Any CPU
		{207E84F5-3510-43ED-B907-CC0278A52DDE}.Release|Any CPU.Build.0 = Release|Any CPU
	EndGlobalSection
	GlobalSection(SolutionProperties) = preSolution
		HideSolutionNode = FALSE
	EndGlobalSection
	GlobalSection(ExtensibilityGlobals) = postSolution
		SolutionGuid = {BE213BC5-584C-4EF2-8C94-C7467081B151}
	EndGlobalSection
EndGlobal
