
Microsoft Visual Studio Solution File, Format Version 12.00
# Visual Studio Version 16
VisualStudioVersion = 16.0.31112.23
MinimumVisualStudioVersion = 10.0.40219.1
Project("{FAE04EC0-301F-11D3-BF4B-00C04F79EFBC}") = "c", "c\c.csproj", "{0C49166E-7ADE-48F7-832B-9497C7CF64CC}"
EndProject
Global
	GlobalSection(SolutionConfigurationPlatforms) = preSolution
		Debug|Any CPU = Debug|Any CPU
		Release|Any CPU = Release|Any CPU
	EndGlobalSection
	GlobalSection(ProjectConfigurationPlatforms) = postSolution
		{0C49166E-7ADE-48F7-832B-9497C7CF64CC}.Debug|Any CPU.ActiveCfg = Debug|Any CPU
		{0C49166E-7ADE-48F7-832B-9497C7CF64CC}.Debug|Any CPU.Build.0 = Debug|Any CPU
		{0C49166E-7ADE-48F7-832B-9497C7CF64CC}.Release|Any CPU.ActiveCfg = Release|Any CPU
		{0C49166E-7ADE-48F7-832B-9497C7CF64CC}.Release|Any CPU.Build.0 = Release|Any CPU
	EndGlobalSection
	GlobalSection(SolutionProperties) = preSolution
		HideSolutionNode = FALSE
	EndGlobalSection
	GlobalSection(ExtensibilityGlobals) = postSolution
		SolutionGuid = {941C0A54-7944-405B-A115-0CC2887935E7}
	EndGlobalSection
EndGlobal
