
Microsoft Visual Studio Solution File, Format Version 12.00
# Visual Studio Version 16
VisualStudioVersion = 16.0.31112.23
MinimumVisualStudioVersion = 10.0.40219.1
Project("{FAE04EC0-301F-11D3-BF4B-00C04F79EFBC}") = "PreDir", "PreDir\PreDir.csproj", "{9F6F0BA4-0E24-49E3-9301-352CF563A6BA}"
EndProject
Global
	GlobalSection(SolutionConfigurationPlatforms) = preSolution
		Debug|Any CPU = Debug|Any CPU
		Release|Any CPU = Release|Any CPU
	EndGlobalSection
	GlobalSection(ProjectConfigurationPlatforms) = postSolution
		{9F6F0BA4-0E24-49E3-9301-352CF563A6BA}.Debug|Any CPU.ActiveCfg = Debug|Any CPU
		{9F6F0BA4-0E24-49E3-9301-352CF563A6BA}.Debug|Any CPU.Build.0 = Debug|Any CPU
		{9F6F0BA4-0E24-49E3-9301-352CF563A6BA}.Release|Any CPU.ActiveCfg = Release|Any CPU
		{9F6F0BA4-0E24-49E3-9301-352CF563A6BA}.Release|Any CPU.Build.0 = Release|Any CPU
	EndGlobalSection
	GlobalSection(SolutionProperties) = preSolution
		HideSolutionNode = FALSE
	EndGlobalSection
	GlobalSection(ExtensibilityGlobals) = postSolution
		SolutionGuid = {546A9B0B-5F22-4316-AC36-B8C319D61A0A}
	EndGlobalSection
EndGlobal
