
Microsoft Visual Studio Solution File, Format Version 12.00
# Visual Studio Version 16
VisualStudioVersion = 16.0.31112.23
MinimumVisualStudioVersion = 10.0.40219.1
Project("{FAE04EC0-301F-11D3-BF4B-00C04F79EFBC}") = "GitHistory", "GitHistory\GitHistory.csproj", "{5AEBBFCF-8F16-4D41-B881-0C5AA6CF2C0B}"
EndProject
Global
	GlobalSection(SolutionConfigurationPlatforms) = preSolution
		Debug|Any CPU = Debug|Any CPU
		Release|Any CPU = Release|Any CPU
	EndGlobalSection
	GlobalSection(ProjectConfigurationPlatforms) = postSolution
		{5AEBBFCF-8F16-4D41-B881-0C5AA6CF2C0B}.Debug|Any CPU.ActiveCfg = Debug|Any CPU
		{5AEBBFCF-8F16-4D41-B881-0C5AA6CF2C0B}.Debug|Any CPU.Build.0 = Debug|Any CPU
		{5AEBBFCF-8F16-4D41-B881-0C5AA6CF2C0B}.Release|Any CPU.ActiveCfg = Release|Any CPU
		{5AEBBFCF-8F16-4D41-B881-0C5AA6CF2C0B}.Release|Any CPU.Build.0 = Release|Any CPU
	EndGlobalSection
	GlobalSection(SolutionProperties) = preSolution
		HideSolutionNode = FALSE
	EndGlobalSection
	GlobalSection(ExtensibilityGlobals) = postSolution
		SolutionGuid = {D6938355-3E2F-4137-B698-B82C4BE6E6BA}
	EndGlobalSection
EndGlobal
